
Microsoft Visual Studio Solution File, Format Version 12.00
# Visual Studio 15
VisualStudioVersion = 15.0.27130.2010
MinimumVisualStudioVersion = 10.0.40219.1
Project("{FAE04EC0-301F-11D3-BF4B-00C04F79EFBC}") = "AutoMapperDemo", "AutoMapperDemo.csproj", "{B31B6355-25A6-48C8-BEC2-0B46836C2A84}"
EndProject
Global
	GlobalSection(SolutionConfigurationPlatforms) = preSolution
		Debug|Any CPU = Debug|Any CPU
		Release|Any CPU = Release|Any CPU
	EndGlobalSection
	GlobalSection(ProjectConfigurationPlatforms) = postSolution
		{B31B6355-25A6-48C8-BEC2-0B46836C2A84}.Debug|Any CPU.ActiveCfg = Debug|Any CPU
		{B31B6355-25A6-48C8-BEC2-0B46836C2A84}.Debug|Any CPU.Build.0 = Debug|Any CPU
		{B31B6355-25A6-48C8-BEC2-0B46836C2A84}.Release|Any CPU.ActiveCfg = Release|Any CPU
		{B31B6355-25A6-48C8-BEC2-0B46836C2A84}.Release|Any CPU.Build.0 = Release|Any CPU
	EndGlobalSection
	GlobalSection(SolutionProperties) = preSolution
		HideSolutionNode = FALSE
	EndGlobalSection
	GlobalSection(ExtensibilityGlobals) = postSolution
		SolutionGuid = {8E5DEAA0-10FE-4C5B-AA5A-BA7801630EEC}
	EndGlobalSection
EndGlobal
